
Microsoft Visual Studio Solution File, Format Version 12.00
# Visual Studio Version 17
VisualStudioVersion = 17.9.34723.18
MinimumVisualStudioVersion = 10.0.40219.1
Project("{9A19103F-16F7-4668-BE54-9A1E7A4F7556}") = "Personalwebsite", "Personalwebsite.csproj", "{BEB93346-F9C4-4D6C-85DD-1F37A4D06338}"
EndProject
Global
	GlobalSection(SolutionConfigurationPlatforms) = preSolution
		Debug|Any CPU = Debug|Any CPU
		Release|Any CPU = Release|Any CPU
	EndGlobalSection
	GlobalSection(ProjectConfigurationPlatforms) = postSolution
		{BEB93346-F9C4-4D6C-85DD-1F37A4D06338}.Debug|Any CPU.ActiveCfg = Debug|Any CPU
		{BEB93346-F9C4-4D6C-85DD-1F37A4D06338}.Debug|Any CPU.Build.0 = Debug|Any CPU
		{BEB93346-F9C4-4D6C-85DD-1F37A4D06338}.Release|Any CPU.ActiveCfg = Release|Any CPU
		{BEB93346-F9C4-4D6C-85DD-1F37A4D06338}.Release|Any CPU.Build.0 = Release|Any CPU
	EndGlobalSection
	GlobalSection(SolutionProperties) = preSolution
		HideSolutionNode = FALSE
	EndGlobalSection
	GlobalSection(ExtensibilityGlobals) = postSolution
		SolutionGuid = {0F47788B-5BD7-47C5-BDB7-CD86DB5939C8}
	EndGlobalSection
EndGlobal
